
Microsoft Visual Studio Solution File, Format Version 12.00
# Visual Studio 14
VisualStudioVersion = 14.0.25420.1
MinimumVisualStudioVersion = 10.0.40219.1
Project("{FAE04EC0-301F-11D3-BF4B-00C04F79EFBC}") = "Helloworld.ConsoleApp", "Helloworld.ConsoleApp\Helloworld.ConsoleApp.csproj", "{8E60BBC4-4A8E-4825-BAA7-078B27E9B6C6}"
EndProject
Project("{FAE04EC0-301F-11D3-BF4B-00C04F79EFBC}") = "Helloworld.ConsoleApp.Tests", "Helloworld.ConsoleApp.Tests\Helloworld.ConsoleApp.Tests.csproj", "{4C7ED2F9-4BFF-4B40-88A1-368DF5FA14C2}"
EndProject
Global
	GlobalSection(SolutionConfigurationPlatforms) = preSolution
		Debug|Any CPU = Debug|Any CPU
		Release|Any CPU = Release|Any CPU
	EndGlobalSection
	GlobalSection(ProjectConfigurationPlatforms) = postSolution
		{8E60BBC4-4A8E-4825-BAA7-078B27E9B6C6}.Debug|Any CPU.ActiveCfg = Debug|Any CPU
		{8E60BBC4-4A8E-4825-BAA7-078B27E9B6C6}.Debug|Any CPU.Build.0 = Debug|Any CPU
		{8E60BBC4-4A8E-4825-BAA7-078B27E9B6C6}.Release|Any CPU.ActiveCfg = Release|Any CPU
		{8E60BBC4-4A8E-4825-BAA7-078B27E9B6C6}.Release|Any CPU.Build.0 = Release|Any CPU
		{4C7ED2F9-4BFF-4B40-88A1-368DF5FA14C2}.Debug|Any CPU.ActiveCfg = Debug|Any CPU
		{4C7ED2F9-4BFF-4B40-88A1-368DF5FA14C2}.Debug|Any CPU.Build.0 = Debug|Any CPU
		{4C7ED2F9-4BFF-4B40-88A1-368DF5FA14C2}.Release|Any CPU.ActiveCfg = Release|Any CPU
		{4C7ED2F9-4BFF-4B40-88A1-368DF5FA14C2}.Release|Any CPU.Build.0 = Release|Any CPU
	EndGlobalSection
	GlobalSection(SolutionProperties) = preSolution
		HideSolutionNode = FALSE
	EndGlobalSection
EndGlobal
